
Microsoft Visual Studio Solution File, Format Version 12.00
# Visual Studio Version 16
VisualStudioVersion = 16.0.28809.33
MinimumVisualStudioVersion = 10.0.40219.1
Project("{9A19103F-16F7-4668-BE54-9A1E7A4F7556}") = "Architect.ConsoleApp", "Architect.Console\Architect.ConsoleApp.csproj", "{1E64C35A-A322-42FA-8638-836E64F711C8}"
EndProject
Project("{9A19103F-16F7-4668-BE54-9A1E7A4F7556}") = "Architect.Database", "Architect.Database\Architect.Database.csproj", "{2418042C-02DB-482C-A643-008D6D82FB01}"
EndProject
Project("{9A19103F-16F7-4668-BE54-9A1E7A4F7556}") = "Architect.PersonFeature", "Architect.PersonFeature\Architect.PersonFeature.csproj", "{A7BDBD9B-F437-498C-B730-56FD57A8C6B3}"
EndProject
Project("{9A19103F-16F7-4668-BE54-9A1E7A4F7556}") = "Architect.Common", "Architect.Common\Architect.Common.csproj", "{231275D5-57E7-4CD9-9203-27AC8E679EE7}"
EndProject
Project("{9A19103F-16F7-4668-BE54-9A1E7A4F7556}") = "Architect.WebApp", "Architect.WebApp\Architect.WebApp.csproj", "{F5227E8E-46C9-4059-9024-080EA8890DBE}"
EndProject
Project("{FAE04EC0-301F-11D3-BF4B-00C04F79EFBC}") = "Architect.UserFeature", "Architect.UserFeature\Architect.UserFeature.csproj", "{72FBBB8B-C000-4B61-8403-59174399718A}"
EndProject
Global
	GlobalSection(SolutionConfigurationPlatforms) = preSolution
		Debug|Any CPU = Debug|Any CPU
		Release|Any CPU = Release|Any CPU
	EndGlobalSection
	GlobalSection(ProjectConfigurationPlatforms) = postSolution
		{1E64C35A-A322-42FA-8638-836E64F711C8}.Debug|Any CPU.ActiveCfg = Debug|Any CPU
		{1E64C35A-A322-42FA-8638-836E64F711C8}.Debug|Any CPU.Build.0 = Debug|Any CPU
		{1E64C35A-A322-42FA-8638-836E64F711C8}.Release|Any CPU.ActiveCfg = Release|Any CPU
		{1E64C35A-A322-42FA-8638-836E64F711C8}.Release|Any CPU.Build.0 = Release|Any CPU
		{2418042C-02DB-482C-A643-008D6D82FB01}.Debug|Any CPU.ActiveCfg = Debug|Any CPU
		{2418042C-02DB-482C-A643-008D6D82FB01}.Debug|Any CPU.Build.0 = Debug|Any CPU
		{2418042C-02DB-482C-A643-008D6D82FB01}.Release|Any CPU.ActiveCfg = Release|Any CPU
		{2418042C-02DB-482C-A643-008D6D82FB01}.Release|Any CPU.Build.0 = Release|Any CPU
		{A7BDBD9B-F437-498C-B730-56FD57A8C6B3}.Debug|Any CPU.ActiveCfg = Debug|Any CPU
		{A7BDBD9B-F437-498C-B730-56FD57A8C6B3}.Debug|Any CPU.Build.0 = Debug|Any CPU
		{A7BDBD9B-F437-498C-B730-56FD57A8C6B3}.Release|Any CPU.ActiveCfg = Release|Any CPU
		{A7BDBD9B-F437-498C-B730-56FD57A8C6B3}.Release|Any CPU.Build.0 = Release|Any CPU
		{231275D5-57E7-4CD9-9203-27AC8E679EE7}.Debug|Any CPU.ActiveCfg = Debug|Any CPU
		{231275D5-57E7-4CD9-9203-27AC8E679EE7}.Debug|Any CPU.Build.0 = Debug|Any CPU
		{231275D5-57E7-4CD9-9203-27AC8E679EE7}.Release|Any CPU.ActiveCfg = Release|Any CPU
		{231275D5-57E7-4CD9-9203-27AC8E679EE7}.Release|Any CPU.Build.0 = Release|Any CPU
		{F5227E8E-46C9-4059-9024-080EA8890DBE}.Debug|Any CPU.ActiveCfg = Debug|Any CPU
		{F5227E8E-46C9-4059-9024-080EA8890DBE}.Debug|Any CPU.Build.0 = Debug|Any CPU
		{F5227E8E-46C9-4059-9024-080EA8890DBE}.Release|Any CPU.ActiveCfg = Release|Any CPU
		{F5227E8E-46C9-4059-9024-080EA8890DBE}.Release|Any CPU.Build.0 = Release|Any CPU
		{72FBBB8B-C000-4B61-8403-59174399718A}.Debug|Any CPU.ActiveCfg = Debug|Any CPU
		{72FBBB8B-C000-4B61-8403-59174399718A}.Debug|Any CPU.Build.0 = Debug|Any CPU
		{72FBBB8B-C000-4B61-8403-59174399718A}.Release|Any CPU.ActiveCfg = Release|Any CPU
		{72FBBB8B-C000-4B61-8403-59174399718A}.Release|Any CPU.Build.0 = Release|Any CPU
	EndGlobalSection
	GlobalSection(SolutionProperties) = preSolution
		HideSolutionNode = FALSE
	EndGlobalSection
	GlobalSection(ExtensibilityGlobals) = postSolution
		SolutionGuid = {5E6530E6-1A1E-4496-A003-714702210BDC}
	EndGlobalSection
EndGlobal
